# This file is automatically @generated by Cargo.
# It is not intended for manual editing.
version = 3

[[package]]
name = "myapp-core"
version = "0.2.1"

[[package]]
name = "myapp-api"
version = "0.2.1"
dependencies = [
 "myapp-core",
]

[[package]]
name = "myapp-cli"
version = "0.2.1"
dependencies = [
 "myapp-core",
]
